// !$*UTF8*$!
{
	archiveVersion = 1;
	classes = {
	};
	objectVersion = 48;
	objects = {

/* Begin PBXBuildFile section */
		E401E8111FB35793004DBFA4 /* CastCommand.swift in Sources */ = {isa = PBXBuildFile; fileRef = E401E8101FB35793004DBFA4 /* CastCommand.swift */; };
		E414C4F71FADE1F20083C242 /* AppDelegate.swift in Sources */ = {isa = PBXBuildFile; fileRef = E414C4F61FADE1F20083C242 /* AppDelegate.swift */; };
		E414C4F91FADE1F20083C242 /* ViewController.swift in Sources */ = {isa = PBXBuildFile; fileRef = E414C4F81FADE1F20083C242 /* ViewController.swift */; };
		E414C4FB1FADE1F20083C242 /* Assets.xcassets in Resources */ = {isa = PBXBuildFile; fileRef = E414C4FA1FADE1F20083C242 /* Assets.xcassets */; };
		E414C4FE1FADE1F20083C242 /* Main.storyboard in Resources */ = {isa = PBXBuildFile; fileRef = E414C4FC1FADE1F20083C242 /* Main.storyboard */; };
		E414C50D1FADE24E0083C242 /* Cocoa.framework in Frameworks */ = {isa = PBXBuildFile; fileRef = E414C50C1FADE24E0083C242 /* Cocoa.framework */; };
		E414C5101FADE24E0083C242 /* SourceEditorExtension.swift in Sources */ = {isa = PBXBuildFile; fileRef = E414C50F1FADE24E0083C242 /* SourceEditorExtension.swift */; };
		E414C5121FADE24E0083C242 /* SourceEditorCommand.swift in Sources */ = {isa = PBXBuildFile; fileRef = E414C5111FADE24E0083C242 /* SourceEditorCommand.swift */; };
		E414C5171FADE24E0083C242 /* XCodeExtension.appex in Embed App Extensions */ = {isa = PBXBuildFile; fileRef = E414C50A1FADE24D0083C242 /* XCodeExtension.appex */; settings = {ATTRIBUTES = (RemoveHeadersOnCopy, ); }; };
		E414C51D1FADEF260083C242 /* AssertOutlets.swift in Sources */ = {isa = PBXBuildFile; fileRef = E414C51C1FADEF260083C242 /* AssertOutlets.swift */; };
		E414C5251FADF1920083C242 /* Regex.swift in Sources */ = {isa = PBXBuildFile; fileRef = E414C5241FADF1920083C242 /* Regex.swift */; };
		E414C5271FADF1CE0083C242 /* StringAdditions.swift in Sources */ = {isa = PBXBuildFile; fileRef = E414C5261FADF1CE0083C242 /* StringAdditions.swift */; };
		E414C5291FADF2580083C242 /* Scan.swift in Sources */ = {isa = PBXBuildFile; fileRef = E414C5281FADF2580083C242 /* Scan.swift */; };
		E43565362092F7730019367A /* CastCommand.swift in Sources */ = {isa = PBXBuildFile; fileRef = E401E8101FB35793004DBFA4 /* CastCommand.swift */; };
		E43565372092F77A0019367A /* Regex.swift in Sources */ = {isa = PBXBuildFile; fileRef = E414C5241FADF1920083C242 /* Regex.swift */; };
		E43565382092F7800019367A /* StringAdditions.swift in Sources */ = {isa = PBXBuildFile; fileRef = E414C5261FADF1CE0083C242 /* StringAdditions.swift */; };
		E43565392092F7860019367A /* Scan.swift in Sources */ = {isa = PBXBuildFile; fileRef = E414C5281FADF2580083C242 /* Scan.swift */; };
		E435653A2092F7B80019367A /* Cast.swift in Sources */ = {isa = PBXBuildFile; fileRef = E4B537A5208C9E61003E89E6 /* Cast.swift */; };
		E435653C2092FEB00019367A /* ZcodeCommand.swift in Sources */ = {isa = PBXBuildFile; fileRef = E435653B2092FEB00019367A /* ZcodeCommand.swift */; };
		E435653D2092FEB00019367A /* ZcodeCommand.swift in Sources */ = {isa = PBXBuildFile; fileRef = E435653B2092FEB00019367A /* ZcodeCommand.swift */; };
		E435654120934D0C0019367A /* ZcodeExtension.swift in Sources */ = {isa = PBXBuildFile; fileRef = E435654020934D0C0019367A /* ZcodeExtension.swift */; };
		E435654320934FBF0019367A /* ZcodeApp.swift in Sources */ = {isa = PBXBuildFile; fileRef = E435654220934FBF0019367A /* ZcodeApp.swift */; };
		E4356544209350B50019367A /* SourceEditorCommand.swift in Sources */ = {isa = PBXBuildFile; fileRef = E414C5111FADE24E0083C242 /* SourceEditorCommand.swift */; };
		E4356545209351BB0019367A /* AssertOutlets.swift in Sources */ = {isa = PBXBuildFile; fileRef = E414C51C1FADEF260083C242 /* AssertOutlets.swift */; };
		E44591271FB234E500ED1935 /* Defaults.swift in Sources */ = {isa = PBXBuildFile; fileRef = E44591261FB234E500ED1935 /* Defaults.swift */; };
		E44591281FB234E500ED1935 /* Defaults.swift in Sources */ = {isa = PBXBuildFile; fileRef = E44591261FB234E500ED1935 /* Defaults.swift */; };
		E46F10AB208CB97A002A2CA1 /* Config.xcconfig in Resources */ = {isa = PBXBuildFile; fileRef = E46F10AA208CB97A002A2CA1 /* Config.xcconfig */; };
		E46F10AC208CB97A002A2CA1 /* Config.xcconfig in Resources */ = {isa = PBXBuildFile; fileRef = E46F10AA208CB97A002A2CA1 /* Config.xcconfig */; };
		E46F10AE208CBC95002A2CA1 /* Repeater.swift in Sources */ = {isa = PBXBuildFile; fileRef = E46F10AD208CBC95002A2CA1 /* Repeater.swift */; };
		E4B537A6208C9E61003E89E6 /* Cast.swift in Sources */ = {isa = PBXBuildFile; fileRef = E4B537A5208C9E61003E89E6 /* Cast.swift */; };
		E4B537A8208CA0AC003E89E6 /* Release.swift in Sources */ = {isa = PBXBuildFile; fileRef = E4B537A7208CA0AC003E89E6 /* Release.swift */; };
/* End PBXBuildFile section */

/* Begin PBXContainerItemProxy section */
		E414C5151FADE24E0083C242 /* PBXContainerItemProxy */ = {
			isa = PBXContainerItemProxy;
			containerPortal = E414C4EB1FADE1F20083C242 /* Project object */;
			proxyType = 1;
			remoteGlobalIDString = E414C5091FADE24D0083C242;
			remoteInfo = AssertOutlets;
		};
/* End PBXContainerItemProxy section */

/* Begin PBXCopyFilesBuildPhase section */
		E414C51B1FADE24E0083C242 /* Embed App Extensions */ = {
			isa = PBXCopyFilesBuildPhase;
			buildActionMask = 2147483647;
			dstPath = "";
			dstSubfolderSpec = 13;
			files = (
				E414C5171FADE24E0083C242 /* XCodeExtension.appex in Embed App Extensions */,
			);
			name = "Embed App Extensions";
			runOnlyForDeploymentPostprocessing = 0;
		};
/* End PBXCopyFilesBuildPhase section */

/* Begin PBXFileReference section */
		E401E8101FB35793004DBFA4 /* CastCommand.swift */ = {isa = PBXFileReference; lastKnownFileType = sourcecode.swift; path = CastCommand.swift; sourceTree = "<group>"; };
		E414C4F31FADE1F20083C242 /* ZCode.app */ = {isa = PBXFileReference; explicitFileType = wrapper.application; includeInIndex = 0; path = ZCode.app; sourceTree = BUILT_PRODUCTS_DIR; };
		E414C4F61FADE1F20083C242 /* AppDelegate.swift */ = {isa = PBXFileReference; lastKnownFileType = sourcecode.swift; path = AppDelegate.swift; sourceTree = "<group>"; };
		E414C4F81FADE1F20083C242 /* ViewController.swift */ = {isa = PBXFileReference; lastKnownFileType = sourcecode.swift; path = ViewController.swift; sourceTree = "<group>"; };
		E414C4FA1FADE1F20083C242 /* Assets.xcassets */ = {isa = PBXFileReference; lastKnownFileType = folder.assetcatalog; path = Assets.xcassets; sourceTree = "<group>"; };
		E414C4FD1FADE1F20083C242 /* Base */ = {isa = PBXFileReference; lastKnownFileType = file.storyboard; name = Base; path = Base.lproj/Main.storyboard; sourceTree = "<group>"; };
		E414C4FF1FADE1F20083C242 /* Info.plist */ = {isa = PBXFileReference; lastKnownFileType = text.plist.xml; path = Info.plist; sourceTree = "<group>"; };
		E414C5001FADE1F20083C242 /* ZCode.entitlements */ = {isa = PBXFileReference; lastKnownFileType = text.plist.entitlements; path = ZCode.entitlements; sourceTree = "<group>"; };
		E414C50A1FADE24D0083C242 /* XCodeExtension.appex */ = {isa = PBXFileReference; explicitFileType = "wrapper.app-extension"; includeInIndex = 0; path = XCodeExtension.appex; sourceTree = BUILT_PRODUCTS_DIR; };
		E414C50C1FADE24E0083C242 /* Cocoa.framework */ = {isa = PBXFileReference; lastKnownFileType = wrapper.framework; name = Cocoa.framework; path = System/Library/Frameworks/Cocoa.framework; sourceTree = SDKROOT; };
		E414C50F1FADE24E0083C242 /* SourceEditorExtension.swift */ = {isa = PBXFileReference; lastKnownFileType = sourcecode.swift; path = SourceEditorExtension.swift; sourceTree = "<group>"; };
		E414C5111FADE24E0083C242 /* SourceEditorCommand.swift */ = {isa = PBXFileReference; lastKnownFileType = sourcecode.swift; path = SourceEditorCommand.swift; sourceTree = "<group>"; };
		E414C5131FADE24E0083C242 /* Info.plist */ = {isa = PBXFileReference; lastKnownFileType = text.plist.xml; path = Info.plist; sourceTree = "<group>"; };
		E414C5141FADE24E0083C242 /* AssertOutlets.entitlements */ = {isa = PBXFileReference; lastKnownFileType = text.plist.entitlements; path = AssertOutlets.entitlements; sourceTree = "<group>"; };
		E414C51C1FADEF260083C242 /* AssertOutlets.swift */ = {isa = PBXFileReference; lastKnownFileType = sourcecode.swift; path = AssertOutlets.swift; sourceTree = "<group>"; };
		E414C5241FADF1920083C242 /* Regex.swift */ = {isa = PBXFileReference; fileEncoding = 4; lastKnownFileType = sourcecode.swift; path = Regex.swift; sourceTree = "<group>"; };
		E414C5261FADF1CE0083C242 /* StringAdditions.swift */ = {isa = PBXFileReference; fileEncoding = 4; lastKnownFileType = sourcecode.swift; path = StringAdditions.swift; sourceTree = "<group>"; };
		E414C5281FADF2580083C242 /* Scan.swift */ = {isa = PBXFileReference; fileEncoding = 4; lastKnownFileType = sourcecode.swift; path = Scan.swift; sourceTree = "<group>"; };
		E435653B2092FEB00019367A /* ZcodeCommand.swift */ = {isa = PBXFileReference; lastKnownFileType = sourcecode.swift; path = ZcodeCommand.swift; sourceTree = "<group>"; };
		E435653E209302980019367A /* XcodeKit.framework */ = {isa = PBXFileReference; lastKnownFileType = wrapper.framework; name = XcodeKit.framework; path = Library/Frameworks/XcodeKit.framework; sourceTree = DEVELOPER_DIR; };
		E435654020934D0C0019367A /* ZcodeExtension.swift */ = {isa = PBXFileReference; lastKnownFileType = sourcecode.swift; path = ZcodeExtension.swift; sourceTree = "<group>"; };
		E435654220934FBF0019367A /* ZcodeApp.swift */ = {isa = PBXFileReference; lastKnownFileType = sourcecode.swift; path = ZcodeApp.swift; sourceTree = "<group>"; };
		E44591261FB234E500ED1935 /* Defaults.swift */ = {isa = PBXFileReference; lastKnownFileType = sourcecode.swift; path = Defaults.swift; sourceTree = "<group>"; };
		E46F10AA208CB97A002A2CA1 /* Config.xcconfig */ = {isa = PBXFileReference; lastKnownFileType = text.xcconfig; path = Config.xcconfig; sourceTree = "<group>"; };
		E46F10AD208CBC95002A2CA1 /* Repeater.swift */ = {isa = PBXFileReference; fileEncoding = 4; lastKnownFileType = sourcecode.swift; path = Repeater.swift; sourceTree = "<group>"; };
		E4B537A5208C9E61003E89E6 /* Cast.swift */ = {isa = PBXFileReference; fileEncoding = 4; lastKnownFileType = sourcecode.swift; path = Cast.swift; sourceTree = "<group>"; };
		E4B537A7208CA0AC003E89E6 /* Release.swift */ = {isa = PBXFileReference; lastKnownFileType = sourcecode.swift; path = Release.swift; sourceTree = "<group>"; };
/* End PBXFileReference section */

/* Begin PBXFrameworksBuildPhase section */
		E414C4F01FADE1F20083C242 /* Frameworks */ = {
			isa = PBXFrameworksBuildPhase;
			buildActionMask = 2147483647;
			files = (
			);
			runOnlyForDeploymentPostprocessing = 0;
		};
		E414C5071FADE24D0083C242 /* Frameworks */ = {
			isa = PBXFrameworksBuildPhase;
			buildActionMask = 2147483647;
			files = (
				E414C50D1FADE24E0083C242 /* Cocoa.framework in Frameworks */,
			);
			runOnlyForDeploymentPostprocessing = 0;
		};
/* End PBXFrameworksBuildPhase section */

/* Begin PBXGroup section */
		E414C4EA1FADE1F20083C242 = {
			isa = PBXGroup;
			children = (
				E46F10AA208CB97A002A2CA1 /* Config.xcconfig */,
				E414C4F51FADE1F20083C242 /* ZCode */,
				E414C50E1FADE24E0083C242 /* Xcode-Extension */,
				E414C50B1FADE24E0083C242 /* Frameworks */,
				E414C4F41FADE1F20083C242 /* Products */,
			);
			sourceTree = "<group>";
		};
		E414C4F41FADE1F20083C242 /* Products */ = {
			isa = PBXGroup;
			children = (
				E414C4F31FADE1F20083C242 /* ZCode.app */,
				E414C50A1FADE24D0083C242 /* XCodeExtension.appex */,
			);
			name = Products;
			sourceTree = "<group>";
		};
		E414C4F51FADE1F20083C242 /* ZCode */ = {
			isa = PBXGroup;
			children = (
				E4B537A5208C9E61003E89E6 /* Cast.swift */,
				E414C4F61FADE1F20083C242 /* AppDelegate.swift */,
				E44591261FB234E500ED1935 /* Defaults.swift */,
				E414C4F81FADE1F20083C242 /* ViewController.swift */,
				E414C4FA1FADE1F20083C242 /* Assets.xcassets */,
				E435654220934FBF0019367A /* ZcodeApp.swift */,
				E414C4FC1FADE1F20083C242 /* Main.storyboard */,
				E414C4FF1FADE1F20083C242 /* Info.plist */,
				E414C5001FADE1F20083C242 /* ZCode.entitlements */,
			);
			path = ZCode;
			sourceTree = "<group>";
		};
		E414C50B1FADE24E0083C242 /* Frameworks */ = {
			isa = PBXGroup;
			children = (
				E435653E209302980019367A /* XcodeKit.framework */,
				E414C50C1FADE24E0083C242 /* Cocoa.framework */,
			);
			name = Frameworks;
			sourceTree = "<group>";
		};
		E414C50E1FADE24E0083C242 /* Xcode-Extension */ = {
			isa = PBXGroup;
			children = (
				E414C50F1FADE24E0083C242 /* SourceEditorExtension.swift */,
				E46F10AD208CBC95002A2CA1 /* Repeater.swift */,
				E414C5111FADE24E0083C242 /* SourceEditorCommand.swift */,
				E435653B2092FEB00019367A /* ZcodeCommand.swift */,
				E435654020934D0C0019367A /* ZcodeExtension.swift */,
				E401E8101FB35793004DBFA4 /* CastCommand.swift */,
				E414C51C1FADEF260083C242 /* AssertOutlets.swift */,
				E414C5241FADF1920083C242 /* Regex.swift */,
				E414C5261FADF1CE0083C242 /* StringAdditions.swift */,
				E414C5281FADF2580083C242 /* Scan.swift */,
				E414C5131FADE24E0083C242 /* Info.plist */,
				E414C5141FADE24E0083C242 /* AssertOutlets.entitlements */,
				E4B537A7208CA0AC003E89E6 /* Release.swift */,
			);
			path = "Xcode-Extension";
			sourceTree = "<group>";
		};
/* End PBXGroup section */

/* Begin PBXNativeTarget section */
		E414C4F21FADE1F20083C242 /* ZCode */ = {
			isa = PBXNativeTarget;
			buildConfigurationList = E414C5031FADE1F20083C242 /* Build configuration list for PBXNativeTarget "ZCode" */;
			buildPhases = (
				E414C4EF1FADE1F20083C242 /* Sources */,
				E414C4F01FADE1F20083C242 /* Frameworks */,
				E414C4F11FADE1F20083C242 /* Resources */,
				E414C51B1FADE24E0083C242 /* Embed App Extensions */,
			);
			buildRules = (
			);
			dependencies = (
				E414C5161FADE24E0083C242 /* PBXTargetDependency */,
			);
			name = ZCode;
			productName = ZCode;
			productReference = E414C4F31FADE1F20083C242 /* ZCode.app */;
			productType = "com.apple.product-type.application";
		};
		E414C5091FADE24D0083C242 /* XCodeExtension */ = {
			isa = PBXNativeTarget;
			buildConfigurationList = E414C5181FADE24E0083C242 /* Build configuration list for PBXNativeTarget "XCodeExtension" */;
			buildPhases = (
				E414C5061FADE24D0083C242 /* Sources */,
				E414C5071FADE24D0083C242 /* Frameworks */,
				E414C5081FADE24D0083C242 /* Resources */,
			);
			buildRules = (
			);
			dependencies = (
			);
			name = XCodeExtension;
			productName = AssertOutlets;
			productReference = E414C50A1FADE24D0083C242 /* XCodeExtension.appex */;
			productType = "com.apple.product-type.xcode-extension";
		};
/* End PBXNativeTarget section */

/* Begin PBXProject section */
		E414C4EB1FADE1F20083C242 /* Project object */ = {
			isa = PBXProject;
			attributes = {
				LastSwiftUpdateCheck = 0910;
				LastUpgradeCheck = 0910;
				ORGANIZATIONNAME = Houzz;
				TargetAttributes = {
					E414C4F21FADE1F20083C242 = {
						CreatedOnToolsVersion = 9.1;
						ProvisioningStyle = Automatic;
						SystemCapabilities = {
							com.apple.ApplicationGroups.Mac = {
								enabled = 1;
							};
							com.apple.Sandbox = {
								enabled = 1;
							};
						};
					};
					E414C5091FADE24D0083C242 = {
						CreatedOnToolsVersion = 9.1;
						ProvisioningStyle = Automatic;
						SystemCapabilities = {
							com.apple.ApplicationGroups.Mac = {
								enabled = 1;
							};
							com.apple.Sandbox = {
								enabled = 1;
							};
						};
					};
				};
			};
			buildConfigurationList = E414C4EE1FADE1F20083C242 /* Build configuration list for PBXProject "ZCode" */;
			compatibilityVersion = "Xcode 8.0";
			developmentRegion = en;
			hasScannedForEncodings = 0;
			knownRegions = (
				en,
				Base,
			);
			mainGroup = E414C4EA1FADE1F20083C242;
			productRefGroup = E414C4F41FADE1F20083C242 /* Products */;
			projectDirPath = "";
			projectRoot = "";
			targets = (
				E414C4F21FADE1F20083C242 /* ZCode */,
				E414C5091FADE24D0083C242 /* XCodeExtension */,
			);
		};
/* End PBXProject section */

/* Begin PBXResourcesBuildPhase section */
		E414C4F11FADE1F20083C242 /* Resources */ = {
			isa = PBXResourcesBuildPhase;
			buildActionMask = 2147483647;
			files = (
				E46F10AB208CB97A002A2CA1 /* Config.xcconfig in Resources */,
				E414C4FB1FADE1F20083C242 /* Assets.xcassets in Resources */,
				E414C4FE1FADE1F20083C242 /* Main.storyboard in Resources */,
			);
			runOnlyForDeploymentPostprocessing = 0;
		};
		E414C5081FADE24D0083C242 /* Resources */ = {
			isa = PBXResourcesBuildPhase;
			buildActionMask = 2147483647;
			files = (
				E46F10AC208CB97A002A2CA1 /* Config.xcconfig in Resources */,
			);
			runOnlyForDeploymentPostprocessing = 0;
		};
/* End PBXResourcesBuildPhase section */

/* Begin PBXSourcesBuildPhase section */
		E414C4EF1FADE1F20083C242 /* Sources */ = {
			isa = PBXSourcesBuildPhase;
			buildActionMask = 2147483647;
			files = (
				E43565382092F7800019367A /* StringAdditions.swift in Sources */,
				E435653A2092F7B80019367A /* Cast.swift in Sources */,
				E44591271FB234E500ED1935 /* Defaults.swift in Sources */,
				E435653C2092FEB00019367A /* ZcodeCommand.swift in Sources */,
				E4356545209351BB0019367A /* AssertOutlets.swift in Sources */,
				E43565392092F7860019367A /* Scan.swift in Sources */,
				E4356544209350B50019367A /* SourceEditorCommand.swift in Sources */,
				E414C4F91FADE1F20083C242 /* ViewController.swift in Sources */,
				E414C4F71FADE1F20083C242 /* AppDelegate.swift in Sources */,
				E43565362092F7730019367A /* CastCommand.swift in Sources */,
				E43565372092F77A0019367A /* Regex.swift in Sources */,
				E435654320934FBF0019367A /* ZcodeApp.swift in Sources */,
			);
			runOnlyForDeploymentPostprocessing = 0;
		};
		E414C5061FADE24D0083C242 /* Sources */ = {
			isa = PBXSourcesBuildPhase;
			buildActionMask = 2147483647;
			files = (
				E414C5101FADE24E0083C242 /* SourceEditorExtension.swift in Sources */,
				E4B537A8208CA0AC003E89E6 /* Release.swift in Sources */,
				E4B537A6208C9E61003E89E6 /* Cast.swift in Sources */,
				E435654120934D0C0019367A /* ZcodeExtension.swift in Sources */,
				E44591281FB234E500ED1935 /* Defaults.swift in Sources */,
				E46F10AE208CBC95002A2CA1 /* Repeater.swift in Sources */,
				E414C5271FADF1CE0083C242 /* StringAdditions.swift in Sources */,
				E414C5291FADF2580083C242 /* Scan.swift in Sources */,
				E414C5251FADF1920083C242 /* Regex.swift in Sources */,
				E401E8111FB35793004DBFA4 /* CastCommand.swift in Sources */,
				E435653D2092FEB00019367A /* ZcodeCommand.swift in Sources */,
				E414C51D1FADEF260083C242 /* AssertOutlets.swift in Sources */,
				E414C5121FADE24E0083C242 /* SourceEditorCommand.swift in Sources */,
			);
			runOnlyForDeploymentPostprocessing = 0;
		};
/* End PBXSourcesBuildPhase section */

/* Begin PBXTargetDependency section */
		E414C5161FADE24E0083C242 /* PBXTargetDependency */ = {
			isa = PBXTargetDependency;
			target = E414C5091FADE24D0083C242 /* XCodeExtension */;
			targetProxy = E414C5151FADE24E0083C242 /* PBXContainerItemProxy */;
		};
/* End PBXTargetDependency section */

/* Begin PBXVariantGroup section */
		E414C4FC1FADE1F20083C242 /* Main.storyboard */ = {
			isa = PBXVariantGroup;
			children = (
				E414C4FD1FADE1F20083C242 /* Base */,
			);
			name = Main.storyboard;
			sourceTree = "<group>";
		};
/* End PBXVariantGroup section */

/* Begin XCBuildConfiguration section */
		E414C5011FADE1F20083C242 /* Debug */ = {
			isa = XCBuildConfiguration;
			baseConfigurationReference = E46F10AA208CB97A002A2CA1 /* Config.xcconfig */;
			buildSettings = {
				ALWAYS_SEARCH_USER_PATHS = NO;
				CLANG_ANALYZER_NONNULL = YES;
				CLANG_ANALYZER_NUMBER_OBJECT_CONVERSION = YES_AGGRESSIVE;
				CLANG_CXX_LANGUAGE_STANDARD = "gnu++14";
				CLANG_CXX_LIBRARY = "libc++";
				CLANG_ENABLE_MODULES = YES;
				CLANG_ENABLE_OBJC_ARC = YES;
				CLANG_WARN_BLOCK_CAPTURE_AUTORELEASING = YES;
				CLANG_WARN_BOOL_CONVERSION = YES;
				CLANG_WARN_COMMA = YES;
				CLANG_WARN_CONSTANT_CONVERSION = YES;
				CLANG_WARN_DIRECT_OBJC_ISA_USAGE = YES_ERROR;
				CLANG_WARN_DOCUMENTATION_COMMENTS = YES;
				CLANG_WARN_EMPTY_BODY = YES;
				CLANG_WARN_ENUM_CONVERSION = YES;
				CLANG_WARN_INFINITE_RECURSION = YES;
				CLANG_WARN_INT_CONVERSION = YES;
				CLANG_WARN_NON_LITERAL_NULL_CONVERSION = YES;
				CLANG_WARN_OBJC_LITERAL_CONVERSION = YES;
				CLANG_WARN_OBJC_ROOT_CLASS = YES_ERROR;
				CLANG_WARN_RANGE_LOOP_ANALYSIS = YES;
				CLANG_WARN_STRICT_PROTOTYPES = YES;
				CLANG_WARN_SUSPICIOUS_MOVE = YES;
				CLANG_WARN_UNGUARDED_AVAILABILITY = YES_AGGRESSIVE;
				CLANG_WARN_UNREACHABLE_CODE = YES;
				CLANG_WARN__DUPLICATE_METHOD_MATCH = YES;
				CODE_SIGN_IDENTITY = "Mac Developer";
				COPY_PHASE_STRIP = NO;
				DEBUG_INFORMATION_FORMAT = dwarf;
				ENABLE_STRICT_OBJC_MSGSEND = YES;
				ENABLE_TESTABILITY = YES;
				GCC_C_LANGUAGE_STANDARD = gnu11;
				GCC_DYNAMIC_NO_PIC = NO;
				GCC_NO_COMMON_BLOCKS = YES;
				GCC_OPTIMIZATION_LEVEL = 0;
				GCC_PREPROCESSOR_DEFINITIONS = (
					"DEBUG=1",
					"$(inherited)",
				);
				GCC_WARN_64_TO_32_BIT_CONVERSION = YES;
				GCC_WARN_ABOUT_RETURN_TYPE = YES_ERROR;
				GCC_WARN_UNDECLARED_SELECTOR = YES;
				GCC_WARN_UNINITIALIZED_AUTOS = YES_AGGRESSIVE;
				GCC_WARN_UNUSED_FUNCTION = YES;
				GCC_WARN_UNUSED_VARIABLE = YES;
				MACOSX_DEPLOYMENT_TARGET = 10.12;
				MTL_ENABLE_DEBUG_INFO = YES;
				ONLY_ACTIVE_ARCH = YES;
				SDKROOT = macosx;
				SWIFT_ACTIVE_COMPILATION_CONDITIONS = DEBUG;
				SWIFT_OPTIMIZATION_LEVEL = "-Onone";
			};
			name = Debug;
		};
		E414C5021FADE1F20083C242 /* Release */ = {
			isa = XCBuildConfiguration;
			baseConfigurationReference = E46F10AA208CB97A002A2CA1 /* Config.xcconfig */;
			buildSettings = {
				ALWAYS_SEARCH_USER_PATHS = NO;
				CLANG_ANALYZER_NONNULL = YES;
				CLANG_ANALYZER_NUMBER_OBJECT_CONVERSION = YES_AGGRESSIVE;
				CLANG_CXX_LANGUAGE_STANDARD = "gnu++14";
				CLANG_CXX_LIBRARY = "libc++";
				CLANG_ENABLE_MODULES = YES;
				CLANG_ENABLE_OBJC_ARC = YES;
				CLANG_WARN_BLOCK_CAPTURE_AUTORELEASING = YES;
				CLANG_WARN_BOOL_CONVERSION = YES;
				CLANG_WARN_COMMA = YES;
				CLANG_WARN_CONSTANT_CONVERSION = YES;
				CLANG_WARN_DIRECT_OBJC_ISA_USAGE = YES_ERROR;
				CLANG_WARN_DOCUMENTATION_COMMENTS = YES;
				CLANG_WARN_EMPTY_BODY = YES;
				CLANG_WARN_ENUM_CONVERSION = YES;
				CLANG_WARN_INFINITE_RECURSION = YES;
				CLANG_WARN_INT_CONVERSION = YES;
				CLANG_WARN_NON_LITERAL_NULL_CONVERSION = YES;
				CLANG_WARN_OBJC_LITERAL_CONVERSION = YES;
				CLANG_WARN_OBJC_ROOT_CLASS = YES_ERROR;
				CLANG_WARN_RANGE_LOOP_ANALYSIS = YES;
				CLANG_WARN_STRICT_PROTOTYPES = YES;
				CLANG_WARN_SUSPICIOUS_MOVE = YES;
				CLANG_WARN_UNGUARDED_AVAILABILITY = YES_AGGRESSIVE;
				CLANG_WARN_UNREACHABLE_CODE = YES;
				CLANG_WARN__DUPLICATE_METHOD_MATCH = YES;
				CODE_SIGN_IDENTITY = "Mac Developer";
				COPY_PHASE_STRIP = NO;
				DEBUG_INFORMATION_FORMAT = "dwarf-with-dsym";
				ENABLE_NS_ASSERTIONS = NO;
				ENABLE_STRICT_OBJC_MSGSEND = YES;
				GCC_C_LANGUAGE_STANDARD = gnu11;
				GCC_NO_COMMON_BLOCKS = YES;
				GCC_WARN_64_TO_32_BIT_CONVERSION = YES;
				GCC_WARN_ABOUT_RETURN_TYPE = YES_ERROR;
				GCC_WARN_UNDECLARED_SELECTOR = YES;
				GCC_WARN_UNINITIALIZED_AUTOS = YES_AGGRESSIVE;
				GCC_WARN_UNUSED_FUNCTION = YES;
				GCC_WARN_UNUSED_VARIABLE = YES;
				MACOSX_DEPLOYMENT_TARGET = 10.12;
				MTL_ENABLE_DEBUG_INFO = NO;
				SDKROOT = macosx;
				SWIFT_OPTIMIZATION_LEVEL = "-Owholemodule";
			};
			name = Release;
		};
		E414C5041FADE1F20083C242 /* Debug */ = {
			isa = XCBuildConfiguration;
			buildSettings = {
				ALWAYS_EMBED_SWIFT_STANDARD_LIBRARIES = YES;
				ASSETCATALOG_COMPILER_APPICON_NAME = AppIcon;
				CODE_SIGN_ENTITLEMENTS = ZCode/ZCode.entitlements;
				CODE_SIGN_STYLE = Automatic;
				COMBINE_HIDPI_IMAGES = YES;
				DEVELOPMENT_TEAM = J8ZST4AX3A;
				INFOPLIST_FILE = ZCode/Info.plist;
				LD_RUNPATH_SEARCH_PATHS = "$(inherited) @executable_path/../Frameworks";
				PRODUCT_BUNDLE_IDENTIFIER = com.houzz.Zcode;
				PRODUCT_NAME = "$(TARGET_NAME)";
				SWIFT_VERSION = 4.0;
			};
			name = Debug;
		};
		E414C5051FADE1F20083C242 /* Release */ = {
			isa = XCBuildConfiguration;
			buildSettings = {
				ALWAYS_EMBED_SWIFT_STANDARD_LIBRARIES = YES;
				ASSETCATALOG_COMPILER_APPICON_NAME = AppIcon;
				CODE_SIGN_ENTITLEMENTS = ZCode/ZCode.entitlements;
				CODE_SIGN_STYLE = Automatic;
				COMBINE_HIDPI_IMAGES = YES;
				DEVELOPMENT_TEAM = J8ZST4AX3A;
				INFOPLIST_FILE = ZCode/Info.plist;
				LD_RUNPATH_SEARCH_PATHS = "$(inherited) @executable_path/../Frameworks";
				PRODUCT_BUNDLE_IDENTIFIER = com.houzz.Zcode;
				PRODUCT_NAME = "$(TARGET_NAME)";
				SWIFT_VERSION = 4.0;
			};
			name = Release;
		};
		E414C5191FADE24E0083C242 /* Debug */ = {
			isa = XCBuildConfiguration;
			buildSettings = {
				CODE_SIGN_ENTITLEMENTS = "Xcode-Extension/AssertOutlets.entitlements";
				CODE_SIGN_STYLE = Automatic;
				COMBINE_HIDPI_IMAGES = YES;
				DEVELOPMENT_TEAM = J8ZST4AX3A;
				INFOPLIST_FILE = "Xcode-Extension/Info.plist";
				LD_RUNPATH_SEARCH_PATHS = "$(inherited) @executable_path/../Frameworks @executable_path/../../../../Frameworks";
				PRODUCT_BUNDLE_IDENTIFIER = com.houzz.Zcode;
				PRODUCT_NAME = "$(TARGET_NAME)";
				SKIP_INSTALL = YES;
				SWIFT_VERSION = 4.0;
			};
			name = Debug;
		};
		E414C51A1FADE24E0083C242 /* Release */ = {
			isa = XCBuildConfiguration;
			buildSettings = {
				CODE_SIGN_ENTITLEMENTS = "Xcode-Extension/AssertOutlets.entitlements";
				CODE_SIGN_STYLE = Automatic;
				COMBINE_HIDPI_IMAGES = YES;
				DEVELOPMENT_TEAM = J8ZST4AX3A;
				INFOPLIST_FILE = "Xcode-Extension/Info.plist";
				LD_RUNPATH_SEARCH_PATHS = "$(inherited) @executable_path/../Frameworks @executable_path/../../../../Frameworks";
				PRODUCT_BUNDLE_IDENTIFIER = com.houzz.Zcode;
				PRODUCT_NAME = "$(TARGET_NAME)";
				SKIP_INSTALL = YES;
				SWIFT_VERSION = 4.0;
			};
			name = Release;
		};
/* End XCBuildConfiguration section */

/* Begin XCConfigurationList section */
		E414C4EE1FADE1F20083C242 /* Build configuration list for PBXProject "ZCode" */ = {
			isa = XCConfigurationList;
			buildConfigurations = (
				E414C5011FADE1F20083C242 /* Debug */,
				E414C5021FADE1F20083C242 /* Release */,
			);
			defaultConfigurationIsVisible = 0;
			defaultConfigurationName = Release;
		};
		E414C5031FADE1F20083C242 /* Build configuration list for PBXNativeTarget "ZCode" */ = {
			isa = XCConfigurationList;
			buildConfigurations = (
				E414C5041FADE1F20083C242 /* Debug */,
				E414C5051FADE1F20083C242 /* Release */,
			);
			defaultConfigurationIsVisible = 0;
			defaultConfigurationName = Release;
		};
		E414C5181FADE24E0083C242 /* Build configuration list for PBXNativeTarget "XCodeExtension" */ = {
			isa = XCConfigurationList;
			buildConfigurations = (
				E414C5191FADE24E0083C242 /* Debug */,
				E414C51A1FADE24E0083C242 /* Release */,
			);
			defaultConfigurationIsVisible = 0;
			defaultConfigurationName = Release;
		};
/* End XCConfigurationList section */
	};
	rootObject = E414C4EB1FADE1F20083C242 /* Project object */;
}
